
Microsoft Visual Studio Solution File, Format Version 11.00
# Visual Studio 2010
Project("{8BC9CEB8-8B4A-11D0-8D11-00A0C91BC942}") = "toav", "toav\toav.vcxproj", "{FDFED85B-FCAC-47DB-A512-C055B8F60703}"
EndProject
Global
	GlobalSection(SolutionConfigurationPlatforms) = preSolution
		Debug|Win32 = Debug|Win32
		Release|Win32 = Release|Win32
	EndGlobalSection
	GlobalSection(ProjectConfigurationPlatforms) = postSolution
		{FDFED85B-FCAC-47DB-A512-C055B8F60703}.Debug|Win32.ActiveCfg = Debug|Win32
		{FDFED85B-FCAC-47DB-A512-C055B8F60703}.Debug|Win32.Build.0 = Debug|Win32
		{FDFED85B-FCAC-47DB-A512-C055B8F60703}.Release|Win32.ActiveCfg = Release|Win32
		{FDFED85B-FCAC-47DB-A512-C055B8F60703}.Release|Win32.Build.0 = Release|Win32
	EndGlobalSection
	GlobalSection(SolutionProperties) = preSolution
		HideSolutionNode = FALSE
	EndGlobalSection
EndGlobal
